
Microsoft Visual Studio Solution File, Format Version 12.00
# Visual Studio Version 17
VisualStudioVersion = 17.0.31919.166
MinimumVisualStudioVersion = 10.0.40219.1
Project("{FAE04EC0-301F-11D3-BF4B-00C04F79EFBC}") = "HipotWalalightProject", "HipotWalalightProject.csproj", "{87B96BB6-CD00-4041-BE86-73FA349738A8}"
EndProject
Global
	GlobalSection(SolutionConfigurationPlatforms) = preSolution
		Debug|Any CPU = Debug|Any CPU
		Release|Any CPU = Release|Any CPU
	EndGlobalSection
	GlobalSection(ProjectConfigurationPlatforms) = postSolution
		{87B96BB6-CD00-4041-BE86-73FA349738A8}.Debug|Any CPU.ActiveCfg = Debug|Any CPU
		{87B96BB6-CD00-4041-BE86-73FA349738A8}.Debug|Any CPU.Build.0 = Debug|Any CPU
		{87B96BB6-CD00-4041-BE86-73FA349738A8}.Release|Any CPU.ActiveCfg = Release|Any CPU
		{87B96BB6-CD00-4041-BE86-73FA349738A8}.Release|Any CPU.Build.0 = Release|Any CPU
	EndGlobalSection
	GlobalSection(SolutionProperties) = preSolution
		HideSolutionNode = FALSE
	EndGlobalSection
	GlobalSection(ExtensibilityGlobals) = postSolution
		SolutionGuid = {8A8A5984-52A7-4332-B676-AC79BBE6A973}
	EndGlobalSection
EndGlobal
